
Microsoft Visual Studio Solution File, Format Version 12.00
# Visual Studio 2012
Project("{FAE04EC0-301F-11D3-BF4B-00C04F79EFBC}") = "Ninject.Extensions.AspectsWeaver", "Ninject.Extensions.AspectsWeaver\Ninject.Extensions.AspectsWeaver.csproj", "{611292E3-64AE-4C54-950C-B86234E07F9A}"
EndProject
Project("{FAE04EC0-301F-11D3-BF4B-00C04F79EFBC}") = "Ninject.Extensions.AspectsWeaver.Tests", "Ninject.Extensions.AspectsWeaver.Tests\Ninject.Extensions.AspectsWeaver.Tests.csproj", "{376D422F-5E0E-4C7E-B88F-6242E9C1C2DC}"
EndProject
Global
	GlobalSection(SolutionConfigurationPlatforms) = preSolution
		Debug|Any CPU = Debug|Any CPU
		Release|Any CPU = Release|Any CPU
	EndGlobalSection
	GlobalSection(ProjectConfigurationPlatforms) = postSolution
		{611292E3-64AE-4C54-950C-B86234E07F9A}.Debug|Any CPU.ActiveCfg = Debug|Any CPU
		{611292E3-64AE-4C54-950C-B86234E07F9A}.Debug|Any CPU.Build.0 = Debug|Any CPU
		{611292E3-64AE-4C54-950C-B86234E07F9A}.Release|Any CPU.ActiveCfg = Release|Any CPU
		{611292E3-64AE-4C54-950C-B86234E07F9A}.Release|Any CPU.Build.0 = Release|Any CPU
		{376D422F-5E0E-4C7E-B88F-6242E9C1C2DC}.Debug|Any CPU.ActiveCfg = Debug|Any CPU
		{376D422F-5E0E-4C7E-B88F-6242E9C1C2DC}.Debug|Any CPU.Build.0 = Debug|Any CPU
		{376D422F-5E0E-4C7E-B88F-6242E9C1C2DC}.Release|Any CPU.ActiveCfg = Release|Any CPU
		{376D422F-5E0E-4C7E-B88F-6242E9C1C2DC}.Release|Any CPU.Build.0 = Release|Any CPU
	EndGlobalSection
	GlobalSection(SolutionProperties) = preSolution
		HideSolutionNode = FALSE
	EndGlobalSection
EndGlobal
